
Microsoft Visual Studio Solution File, Format Version 12.00
# Visual Studio 2013
VisualStudioVersion = 12.0.30723.0
MinimumVisualStudioVersion = 10.0.40219.1
Project("{F088123C-0E9E-452A-89E6-6BA2F21D5CAC}") = "CrimeHeadlineSystemModel", "CrimeHeadlineSystem\CrimeHeadlineSystemModel.modelproj", "{70121A20-DF69-42F7-BBEF-B887BEA45539}"
EndProject
Project("{FAE04EC0-301F-11D3-BF4B-00C04F79EFBC}") = "CrimeHeadlineSystemLib", "CrimeHeadlineSystemLib\CrimeHeadlineSystemLib.csproj", "{35C74100-272D-48A3-B718-1232C28E7BD3}"
EndProject
Project("{FAE04EC0-301F-11D3-BF4B-00C04F79EFBC}") = "CrimeHeadlineSystemTester", "CrimeHeadlineSystemTester\CrimeHeadlineSystemTester.csproj", "{628CE452-9A9C-4CE0-BB7F-F3997EB169C4}"
EndProject
Global
	GlobalSection(SolutionConfigurationPlatforms) = preSolution
		Debug|Any CPU = Debug|Any CPU
		Release|Any CPU = Release|Any CPU
	EndGlobalSection
	GlobalSection(ProjectConfigurationPlatforms) = postSolution
		{70121A20-DF69-42F7-BBEF-B887BEA45539}.Debug|Any CPU.ActiveCfg = Debug|Any CPU
		{70121A20-DF69-42F7-BBEF-B887BEA45539}.Debug|Any CPU.Build.0 = Debug|Any CPU
		{70121A20-DF69-42F7-BBEF-B887BEA45539}.Release|Any CPU.ActiveCfg = Release|Any CPU
		{70121A20-DF69-42F7-BBEF-B887BEA45539}.Release|Any CPU.Build.0 = Release|Any CPU
		{35C74100-272D-48A3-B718-1232C28E7BD3}.Debug|Any CPU.ActiveCfg = Debug|Any CPU
		{35C74100-272D-48A3-B718-1232C28E7BD3}.Debug|Any CPU.Build.0 = Debug|Any CPU
		{35C74100-272D-48A3-B718-1232C28E7BD3}.Release|Any CPU.ActiveCfg = Release|Any CPU
		{35C74100-272D-48A3-B718-1232C28E7BD3}.Release|Any CPU.Build.0 = Release|Any CPU
		{628CE452-9A9C-4CE0-BB7F-F3997EB169C4}.Debug|Any CPU.ActiveCfg = Debug|Any CPU
		{628CE452-9A9C-4CE0-BB7F-F3997EB169C4}.Debug|Any CPU.Build.0 = Debug|Any CPU
		{628CE452-9A9C-4CE0-BB7F-F3997EB169C4}.Release|Any CPU.ActiveCfg = Release|Any CPU
		{628CE452-9A9C-4CE0-BB7F-F3997EB169C4}.Release|Any CPU.Build.0 = Release|Any CPU
	EndGlobalSection
	GlobalSection(SolutionProperties) = preSolution
		HideSolutionNode = FALSE
	EndGlobalSection
EndGlobal
